github.com/davecgh/go-spew v1.1.1 h1:vj9j/u1bqnvCEfJOwUhtlOARqs3+rkHYY13jYWTU97c=
github.com/davecgh/go-spew v1.1.1/go.mod h1:J7Y8YcW2NihsgmVo/mv3lAwl/skON4iLHjSsI+c5H38=
github.com/google/btree v1.1.2 h1:xf4v41cLI2Z6FxbKm+8Bu+m8ifhj15JuZ9sa0jZCMUU=
github.com/google/btree v1.1.2/go.mod h1:qOPhT0dTNdNzV6Z/lhRX0YXUafgPLFUh+gZMl761Gm4=
github.com/pion/dtls/v3 v3.1.2 h1:gqEdOUXLtCGW+afsBLO0LtDD8GnuBBjEy6HRtyofZTc=
github.com/pion/dtls/v3 v3.1.2/go.mod h1:Hw/igcX4pdY69z1Hgv5x7wJFrUkdgHwAn/Q/uo7YHRo=
github.com/pion/logging v0.2.4 h1:tTew+7cmQ+Mc1pTBLKH2puKsOvhm32dROumOZ655zB8=
github.com/pion/logging v0.2.4/go.mod h1:DffhXTKYdNZU+KtJ5pyQDjvOAh/GsNSyv1lbkFbe3so=
github.com/pion/transport/v4 v4.0.1 h1:sdROELU6BZ63Ab7FrOLn13M6YdJLY20wldXW2Cu2k8o=
github.com/pion/transport/v4 v4.0.1/go.mod h1:nEuEA4AD5lPdcIegQDpVLgNoDGreqM/YqmEx3ovP4jM=
github.com/pmezard/go-difflib v1.0.0 h1:4DBwDE0NGyQoBHbLQYPwSUPoCMWR5BEzIk/f1lZbAQM=
github.com/pmezard/go-difflib v1.0.0/go.mod h1:iKH77koFhYxTK1pcRnkKkqfTogsbg7gZNVY4sRDYZ/4=
github.com/stretchr/testify v1.11.1 h1:7s2iGBzp5EwR7/aIZr8ao5+dra3wiQyKjjFuvgVKu7U=
github.com/stretchr/testify v1.11.1/go.mod h1:wZwfW3scLgRK+23gO65QZefKpKQRnfz6sD981Nm4B6U=
golang.org/x/crypto v0.51.0 h1:IBPXwPfKxY7cWQZ38ZCIRPI50YLeevDLlLnyC5wRGTI=
golang.org/x/crypto v0.51.0/go.mod h1:8AdwkbraGNABw2kOX6YFPs3WM22XqI4EXEd8g+x7Oc8=
golang.org/x/net v0.53.0 h1:d+qAbo5L0orcWAr0a9JweQpjXF19LMXJE8Ey7hwOdUA=
golang.org/x/net v0.53.0/go.mod h1:JvMuJH7rrdiCfbeHoo3fCQU24Lf5JJwT9W3sJFulfgs=
golang.org/x/sys v0.44.0 h1:ildZl3J4uzeKP07r2F++Op7E9B29JRUy+a27EibtBTQ=
golang.org/x/sys v0.44.0/go.mod h1:4GL1E5IUh+htKOUEOaiffhrAeqysfVGipDYzABqnCmw=
golang.org/x/time v0.10.0 h1:3usCWA8tQn0L8+hFJQNgzpWbd89begxN66o1Ojdn5L4=
golang.org/x/time v0.10.0/go.mod h1:3BpzKBy/shNhVucY/MWOyx10tF3SFh9QdLuxbVysPQM=
golang.zx2c4.com/wintun v0.0.0-20230126152724-0fa3db229ce2 h1:B82qJJgjvYKsXS9jeunTOisW56dUokqW/FOteYJJ/yg=
golang.zx2c4.com/wintun v0.0.0-20230126152724-0fa3db229ce2/go.mod h1:deeaetjYA+DHMHg+sMSMI58GrEteJUUzzw7en6TJQcI=
golang.zx2c4.com/wireguard v0.0.0-20250521234502-f333402bd9cb h1:whnFRlWMcXI9d+ZbWg+4sHnLp52d5yiIPUxMBSt4X9A=
golang.zx2c4.com/wireguard v0.0.0-20250521234502-f333402bd9cb/go.mod h1:rpwXGsirqLqN2L0JDJQlwOboGHmptD5ZD6T2VmcqhTw=
gopkg.in/yaml.v3 v3.0.1 h1:fxVm/GzAzEWqLHuvctI91KS9hhNmmWOoWu0XTYJS7CA=
gopkg.in/yaml.v3 v3.0.1/go.mod h1:K4uyk7z7BCEPqu6E+C64Yfv1cQ7kz7rIZviUmN+EgEM=
gvisor.dev/gvisor v0.0.0-20250503011706-39ed1f5ac29c h1:m/r7OM+Y2Ty1sgBQ7Qb27VgIMBW8ZZhT4gLnUyDIhzI=
gvisor.dev/gvisor v0.0.0-20250503011706-39ed1f5ac29c/go.mod h1:3r5CMtNQMKIvBlrmM9xWUNamjKBYPOWyXOjmg5Kts3g=
